
Microsoft Visual Studio Solution File, Format Version 12.00
# Visual Studio 15
VisualStudioVersion = 15.0.28010.2041
MinimumVisualStudioVersion = 10.0.40219.1
Project("{FAE04EC0-301F-11D3-BF4B-00C04F79EFBC}") = "Game.App", "WhoWantsToBeAMillionaire\Game.App.csproj", "{C2E07DF7-824A-49D8-844E-5495DAC8AE7A}"
EndProject
Project("{FAE04EC0-301F-11D3-BF4B-00C04F79EFBC}") = "Game.Data", "Game.Data\Game.Data.csproj", "{12576190-94DC-4A00-891A-272701281309}"
EndProject
Project("{FAE04EC0-301F-11D3-BF4B-00C04F79EFBC}") = "Game.Models", "Game.Models\Game.Models.csproj", "{BD1B95D9-4A97-4D03-94F3-2C6D8D15B6C3}"
EndProject
Global
	GlobalSection(SolutionConfigurationPlatforms) = preSolution
		Debug|Any CPU = Debug|Any CPU
		Release|Any CPU = Release|Any CPU
	EndGlobalSection
	GlobalSection(ProjectConfigurationPlatforms) = postSolution
		{C2E07DF7-824A-49D8-844E-5495DAC8AE7A}.Debug|Any CPU.ActiveCfg = Debug|Any CPU
		{C2E07DF7-824A-49D8-844E-5495DAC8AE7A}.Debug|Any CPU.Build.0 = Debug|Any CPU
		{C2E07DF7-824A-49D8-844E-5495DAC8AE7A}.Release|Any CPU.ActiveCfg = Release|Any CPU
		{C2E07DF7-824A-49D8-844E-5495DAC8AE7A}.Release|Any CPU.Build.0 = Release|Any CPU
		{12576190-94DC-4A00-891A-272701281309}.Debug|Any CPU.ActiveCfg = Debug|Any CPU
		{12576190-94DC-4A00-891A-272701281309}.Debug|Any CPU.Build.0 = Debug|Any CPU
		{12576190-94DC-4A00-891A-272701281309}.Release|Any CPU.ActiveCfg = Release|Any CPU
		{12576190-94DC-4A00-891A-272701281309}.Release|Any CPU.Build.0 = Release|Any CPU
		{BD1B95D9-4A97-4D03-94F3-2C6D8D15B6C3}.Debug|Any CPU.ActiveCfg = Debug|Any CPU
		{BD1B95D9-4A97-4D03-94F3-2C6D8D15B6C3}.Debug|Any CPU.Build.0 = Debug|Any CPU
		{BD1B95D9-4A97-4D03-94F3-2C6D8D15B6C3}.Release|Any CPU.ActiveCfg = Release|Any CPU
		{BD1B95D9-4A97-4D03-94F3-2C6D8D15B6C3}.Release|Any CPU.Build.0 = Release|Any CPU
	EndGlobalSection
	GlobalSection(SolutionProperties) = preSolution
		HideSolutionNode = FALSE
	EndGlobalSection
	GlobalSection(ExtensibilityGlobals) = postSolution
		SolutionGuid = {4436DE32-EC54-4884-B7E0-BCB9BB2697FB}
	EndGlobalSection
EndGlobal
